PODS:
  - Alamofire (4.7.0)
  - PopupDialog (0.5.4)
  - SwiftyJSON (4.0.0)
  - TinyConstraints (2.1.2)

DEPENDENCIES:
  - Alamofire (~> 4.5)
  - PopupDialog (= 0.5.4)
  - SwiftyJSON
  - TinyConstraints (from `https://github.com/roberthein/TinyConstraints.git`, branch `Release_2.1.2`)

SPEC REPOS:
  https://github.com/cocoapods/specs.git:
    - Alamofire
    - PopupDialog
    - SwiftyJSON

EXTERNAL SOURCES:
  TinyConstraints:
    :branch: Release_2.1.2
    :git: https://github.com/roberthein/TinyConstraints.git

CHECKOUT OPTIONS:
  TinyConstraints:
    :commit: c26d600fffa01bb408ab9d2349f832e6c43ef1cb
    :git: https://github.com/roberthein/TinyConstraints.git

SPEC CHECKSUMS:
  Alamofire: 907e0a98eb68cdb7f9d1f541a563d6ac5dc77b25
  PopupDialog: 75cf955693590b0cb2fdde00223fb65d99c57247
  SwiftyJSON: 070dabdcb1beb81b247c65ffa3a79dbbfb3b48aa
  TinyConstraints: 3a841eba583f2492c405f88552c5c274056f47e2

PODFILE CHECKSUM: 430e6147db45e763175e858a40cd9bd291900daa

COCOAPODS: 1.5.3
